{
  "lockfileVersion": 1,
  "configVersion": 1,
  "workspaces": {
    "": {
      "name": "gha-lint",
      "dependencies": {
        "@actions/expressions": "0.3.60",
        "@actions/languageservice": "0.3.60",
        "@actions/workflow-parser": "0.3.60",
        "ajv": "8.20.0",
        "vscode-languageserver-textdocument": "1.0.7",
        "vscode-languageserver-types": "3.17.2",
        "yaml": "2.9.0",
      },
      "devDependencies": {
        "@types/bun": "1.3.14",
        "typescript": "5.9.3",
      },
    },
  },
  "packages": {
    "@actions/expressions": ["@actions/expressions@0.3.60", "", {}, "sha512-9Go4zz77GbM6iUkullgo0tN7AHgUNRLkw66C6k3mHEc/QScweRNffjSluS0jcip+ULGkDYzBnyMvY9RjnFjEMA=="],

    "@actions/languageservice": ["@actions/languageservice@0.3.60", "", { "dependencies": { "@actions/expressions": "^0.3.60", "@actions/workflow-parser": "^0.3.60", "vscode-languageserver-textdocument": "^1.0.7", "vscode-languageserver-types": "^3.17.2", "vscode-uri": "^3.0.8", "yaml": "^2.1.1" } }, "sha512-eOIvq4b8yDh/O+hEPFsuXTb5qMquWQJtRyI7vidSHDPKrcZjvXDxcY/1y0JKzZRnrbar50Lc3yzxBLL2hbwobQ=="],

    "@actions/workflow-parser": ["@actions/workflow-parser@0.3.60", "", { "dependencies": { "@actions/expressions": "^0.3.60", "cronstrue": "^2.21.0", "yaml": "^2.0.0-8" } }, "sha512-23dHOAA0BE4yA+0Lq9VuOdfjMnucVVYw/1fnbnEy3l814q7h4ET8+QE+zusOoLulln3/6UmeJUkmo1etOnlVBw=="],

    "@types/bun": ["@types/bun@1.3.14", "", { "dependencies": { "bun-types": "1.3.14" } }, "sha512-h1hFqFVcvAvD9j9K7ZW7vd82aSA+rTdznZa+5bwvCwqSB1jmmfLcbIWhOLx1/+boy/xmjgCs/OMUL8hRJSmnPw=="],

    "@types/node": ["@types/node@26.1.2", "", { "dependencies": { "undici-types": "~8.3.0" } }, "sha512-Vu4a5UFA9rIIFJ7rB/Vaafh9lrCQszopTCx6KjFboXTGQbPNasehVR5TEiithSDGyd1DEiUByggTZsg8jukeIg=="],

    "ajv": ["ajv@8.20.0", "", { "dependencies": { "fast-deep-equal": "^3.1.3", "fast-uri": "^3.0.1", "json-schema-traverse": "^1.0.0", "require-from-string": "^2.0.2" } }, "sha512-Thbli+OlOj+iMPYFBVBfJ3OmCAnaSyNn4M1vz9T6Gka5Jt9ba/HIR56joy65tY6kx/FCF5VXNB819Y7/GUrBGA=="],

    "bun-types": ["bun-types@1.3.14", "", { "dependencies": { "@types/node": "*" } }, "sha512-4N0ig0fEomHt5R0KCFWjovxow98rIoRwKolrYdCcknNwMekCXRnWEUvgu5soYV8QXtVsrUD8B95MBOZGPvr6KQ=="],

    "cronstrue": ["cronstrue@2.61.0", "", { "bin": { "cronstrue": "bin/cli.js" } }, "sha512-ootN5bvXbIQI9rW94+QsXN5eROtXWwew6NkdGxIRpS/UFWRggL0G5Al7a9GTBFEsuvVhJ2K3CntIIVt7L2ILhA=="],

    "fast-deep-equal": ["fast-deep-equal@3.1.3", "", {}, "sha512-f3qQ9oQy9j2AhBe/H9VC91wLmKBCCU/gDOnKNAYG5hswO7BLKj09Hc5HYNz9cGI++xlpDCIgDaitVs03ATR84Q=="],

    "fast-uri": ["fast-uri@3.1.5", "", {}, "sha512-gHwA1O9LDIcKunMKhObS/HimwtehO1nPUECKAu5TpKgaO19fcWEl4bliWe1jWxVFvIXztJjjQ4L8XQ1EU9f7Jw=="],

    "json-schema-traverse": ["json-schema-traverse@1.0.0", "", {}, "sha512-NM8/P9n3XjXhIZn1lLhkFaACTOURQXjWhV4BA/RnOv8xvgqtqpAX9IO4mRQxSx1Rlo4tqzeqb0sOlruaOy3dug=="],

    "require-from-string": ["require-from-string@2.0.2", "", {}, "sha512-Xf0nWe6RseziFMu+Ap9biiUbmplq6S9/p+7w7YXP/JBHhrUDDUhwa+vANyubuqfZWTveU//DYVGsDG7RKL/vEw=="],

    "typescript": ["typescript@5.9.3", "", { "bin": { "tsc": "bin/tsc", "tsserver": "bin/tsserver" } }, "sha512-jl1vZzPDinLr9eUt3J/t7V6FgNEw9QjvBPdysz9KfQDD41fQrC2Y4vKQdiaUpFT4bXlb1RHhLpp8wtm6M5TgSw=="],

    "undici-types": ["undici-types@8.3.0", "", {}, "sha512-j375ScV60dom+YkPFIfTLcOiPxkN/buHz5GobjLhixFuANaNs3C9l4GmrWqejgXWJ7BbJcFYpTEUkS1Ge8bpZQ=="],

    "vscode-languageserver-textdocument": ["vscode-languageserver-textdocument@1.0.7", "", {}, "sha512-bFJH7UQxlXT8kKeyiyu41r22jCZXG8kuuVVA33OEJn1diWOZK5n8zBSPZFHVBOu8kXZ6h0LIRhf5UnCo61J4Hg=="],

    "vscode-languageserver-types": ["vscode-languageserver-types@3.17.2", "", {}, "sha512-zHhCWatviizPIq9B7Vh9uvrH6x3sK8itC84HkamnBWoDFJtzBf7SWlpLCZUit72b3os45h6RWQNC9xHRDF8dRA=="],

    "vscode-uri": ["vscode-uri@3.1.0", "", {}, "sha512-/BpdSx+yCQGnCvecbyXdxHDkuk55/G3xwnC0GqY4gmQ3j+A+g8kzzgB4Nk/SINjqn6+waqw3EgbVF2QKExkRxQ=="],

    "yaml": ["yaml@2.9.0", "", { "bin": { "yaml": "bin.mjs" } }, "sha512-2AvhNX3mb8zd6Zy7INTtSpl1F15HW6Wnqj0srWlkKLcpYl/gMIMJiyuGq2KeI2YFxUPjdlB+3Lc10seMLtL4cA=="],
  }
}
