{
  "nodes": {
    "agent-browser-skill": {
      "flake": false,
      "locked": {
        "lastModified": 1774940997,
        "narHash": "sha256-CaFNAtDJqCXu/EwP1YqlrQIK1yu+CDyIdTndrTHhCM0=",
        "owner": "vercel-labs",
        "repo": "agent-browser",
        "rev": "89595836c6b7108fc9398495a734b546887889c9",
        "type": "github"
      },
      "original": {
        "owner": "vercel-labs",
        "repo": "agent-browser",
        "type": "github"
      }
    },
    "agent-skills": {
      "inputs": {
        "home-manager": "home-manager",
        "nixpkgs": [
          "nixpkgs"
        ]
      },
      "locked": {
        "lastModified": 1774607140,
        "narHash": "sha256-0P89BLGEzRUumWKSOEayi+Dal6mIlVumlBgcyk5Qo6s=",
        "owner": "Kyure-A",
        "repo": "agent-skills-nix",
        "rev": "e29bef0e9e56c4cc683cead15a6eda1d6fb1074e",
        "type": "github"
      },
      "original": {
        "owner": "Kyure-A",
        "repo": "agent-skills-nix",
        "type": "github"
      }
    },
    "agent-slack-skill": {
      "flake": false,
      "locked": {
        "lastModified": 1775954149,
        "narHash": "sha256-JyI530erIvlYJw6y8I2+lZvPJRstMbKafrhOf/DH5oQ=",
        "owner": "stablyai",
        "repo": "agent-slack",
        "rev": "d0023f1fcd566a47562c828d8d4e7a5b97a89c74",
        "type": "github"
      },
      "original": {
        "owner": "stablyai",
        "repo": "agent-slack",
        "type": "github"
      }
    },
    "anthropic-skills": {
      "flake": false,
      "locked": {
        "lastModified": 1775755206,
        "narHash": "sha256-H/oorOl5cch7bnziDz7gHNBv5Q0OAwFbk9w1WLku2kk=",
        "owner": "anthropics",
        "repo": "skills",
        "rev": "12ab35c2eb5668c95810e6a6066f40f4218adc39",
        "type": "github"
      },
      "original": {
        "owner": "anthropics",
        "repo": "skills",
        "type": "github"
      }
    },
    "ast-grep-skill": {
      "flake": false,
      "locked": {
        "lastModified": 1769044697,
        "narHash": "sha256-LgGFtPieyKtoru22AhHW8hvkJ8kCHO2Cr8rBOWGuxvY=",
        "owner": "ast-grep",
        "repo": "claude-skill",
        "rev": "577f4d4507678f2c8cee150fae25e6ce309f70b1",
        "type": "github"
      },
      "original": {
        "owner": "ast-grep",
        "repo": "claude-skill",
        "type": "github"
      }
    },
    "blueprint": {
      "inputs": {
        "nixpkgs": [
          "llm-agents",
          "nixpkgs"
        ],
        "systems": [
          "llm-agents",
          "systems"
        ]
      },
      "locked": {
        "lastModified": 1771437256,
        "narHash": "sha256-bLqwib+rtyBRRVBWhMuBXPCL/OThfokA+j6+uH7jDGU=",
        "owner": "numtide",
        "repo": "blueprint",
        "rev": "06ee7190dc2620ea98af9eb225aa9627b68b0e33",
        "type": "github"
      },
      "original": {
        "owner": "numtide",
        "repo": "blueprint",
        "type": "github"
      }
    },
    "brew-api": {
      "flake": false,
      "locked": {
        "lastModified": 1770934057,
        "narHash": "sha256-5TaGymADjzM+rTt0XbVxl4iD6P0hODfRxOx9gvJfbAs=",
        "owner": "BatteredBunny",
        "repo": "brew-api",
        "rev": "9e517c474798b4fbcf9ae5212dc4c5fe9a50253c",
        "type": "github"
      },
      "original": {
        "owner": "BatteredBunny",
        "repo": "brew-api",
        "type": "github"
      }
    },
    "brew-nix": {
      "inputs": {
        "brew-api": [
          "brew-api"
        ],
        "nix-darwin": [
          "nix-darwin"
        ],
        "nixpkgs": [
          "nixpkgs"
        ]
      },
      "locked": {
        "lastModified": 1764779851,
        "narHash": "sha256-7WrgeIYBEuFG7DZtS8dio0y9nvRHf3otk7oqsPIoECs=",
        "owner": "BatteredBunny",
        "repo": "brew-nix",
        "rev": "b314426c17667bcebd73ed7e57ecae2bac9755cf",
        "type": "github"
      },
      "original": {
        "owner": "BatteredBunny",
        "repo": "brew-nix",
        "type": "github"
      }
    },
    "bun2nix": {
      "inputs": {
        "flake-parts": [
          "llm-agents",
          "flake-parts"
        ],
        "import-tree": "import-tree",
        "nixpkgs": [
          "llm-agents",
          "nixpkgs"
        ],
        "systems": [
          "llm-agents",
          "systems"
        ],
        "treefmt-nix": [
          "llm-agents",
          "treefmt-nix"
        ]
      },
      "locked": {
        "lastModified": 1770895533,
        "narHash": "sha256-v3QaK9ugy9bN9RXDnjw0i2OifKmz2NnKM82agtqm/UY=",
        "owner": "nix-community",
        "repo": "bun2nix",
        "rev": "c843f477b15f51151f8c6bcc886954699440a6e1",
        "type": "github"
      },
      "original": {
        "owner": "nix-community",
        "repo": "bun2nix",
        "type": "github"
      }
    },
    "cabocha": {
      "flake": false,
      "locked": {
        "lastModified": 1740210131,
        "narHash": "sha256-IlqOZTy+qmeZXpeUuMUBMyAIlKez/EmfUvr10NP1+84=",
        "owner": "taku910",
        "repo": "cabocha",
        "rev": "96e100a62f6dadceb490cdd61c8c15fb561f6674",
        "type": "github"
      },
      "original": {
        "owner": "taku910",
        "repo": "cabocha",
        "rev": "96e100a62f6dadceb490cdd61c8c15fb561f6674",
        "type": "github"
      }
    },
    "codex-plugin-cc": {
      "flake": false,
      "locked": {
        "lastModified": 1774896315,
        "narHash": "sha256-117sb1fyrT0xHQG5ecAjsFGj37e/UT3V09wlMCygM1Y=",
        "owner": "openai",
        "repo": "codex-plugin-cc",
        "rev": "f4d65d9641fadc7632afecd5735daf8e16060c98",
        "type": "github"
      },
      "original": {
        "owner": "openai",
        "repo": "codex-plugin-cc",
        "type": "github"
      }
    },
    "crfpp": {
      "flake": false,
      "locked": {
        "lastModified": 1740209950,
        "narHash": "sha256-y6jSjy7svDaCEJs7aoREhD9i4sJjhhEcInSnzf8frOI=",
        "owner": "taku910",
        "repo": "crfpp",
        "rev": "c603ea6fc2cc8e5317d2754971bc787da383f7e5",
        "type": "github"
      },
      "original": {
        "owner": "taku910",
        "repo": "crfpp",
        "rev": "c603ea6fc2cc8e5317d2754971bc787da383f7e5",
        "type": "github"
      }
    },
    "flake-parts": {
      "inputs": {
        "nixpkgs-lib": [
          "llm-agents",
          "nixpkgs"
        ]
      },
      "locked": {
        "lastModified": 1775087534,
        "narHash": "sha256-91qqW8lhL7TLwgQWijoGBbiD4t7/q75KTi8NxjVmSmA=",
        "owner": "hercules-ci",
        "repo": "flake-parts",
        "rev": "3107b77cd68437b9a76194f0f7f9c55f2329ca5b",
        "type": "github"
      },
      "original": {
        "owner": "hercules-ci",
        "repo": "flake-parts",
        "type": "github"
      }
    },
    "flake-parts_2": {
      "inputs": {
        "nixpkgs-lib": "nixpkgs-lib"
      },
      "locked": {
        "lastModified": 1763759067,
        "narHash": "sha256-LlLt2Jo/gMNYAwOgdRQBrsRoOz7BPRkzvNaI/fzXi2Q=",
        "owner": "hercules-ci",
        "repo": "flake-parts",
        "rev": "2cccadc7357c0ba201788ae99c4dfa90728ef5e0",
        "type": "github"
      },
      "original": {
        "owner": "hercules-ci",
        "repo": "flake-parts",
        "type": "github"
      }
    },
    "home-manager": {
      "inputs": {
        "nixpkgs": [
          "agent-skills",
          "nixpkgs"
        ]
      },
      "locked": {
        "lastModified": 1773608492,
        "narHash": "sha256-QZteyExJYSQzgxqdsesDPbQgjctGG7iKV/6ooyQPITk=",
        "owner": "nix-community",
        "repo": "home-manager",
        "rev": "9a40ec3b78fc688d0908485887d355caa5666d18",
        "type": "github"
      },
      "original": {
        "owner": "nix-community",
        "repo": "home-manager",
        "type": "github"
      }
    },
    "home-manager_2": {
      "inputs": {
        "nixpkgs": [
          "nixpkgs"
        ]
      },
      "locked": {
        "lastModified": 1774898676,
        "narHash": "sha256-0Utnqo+FbB+0CVUi0MI3oonF0Kuzy9VcgRkxl53Euvk=",
        "owner": "nix-community",
        "repo": "home-manager",
        "rev": "a184bd2f8426087bae93f203403cd4b86c99e57d",
        "type": "github"
      },
      "original": {
        "owner": "nix-community",
        "repo": "home-manager",
        "type": "github"
      }
    },
    "import-tree": {
      "locked": {
        "lastModified": 1763762820,
        "narHash": "sha256-ZvYKbFib3AEwiNMLsejb/CWs/OL/srFQ8AogkebEPF0=",
        "owner": "vic",
        "repo": "import-tree",
        "rev": "3c23749d8013ec6daa1d7255057590e9ca726646",
        "type": "github"
      },
      "original": {
        "owner": "vic",
        "repo": "import-tree",
        "type": "github"
      }
    },
    "llm-agents": {
      "inputs": {
        "blueprint": "blueprint",
        "bun2nix": "bun2nix",
        "flake-parts": "flake-parts",
        "nixpkgs": "nixpkgs",
        "systems": "systems",
        "treefmt-nix": "treefmt-nix"
      },
      "locked": {
        "lastModified": 1775934219,
        "narHash": "sha256-AR6Hm6rwVRvF3ORRlFD2k0251D3Bul+mmkGMic97fqQ=",
        "owner": "numtide",
        "repo": "llm-agents.nix",
        "rev": "7867b4f8040bd7faa84ded4331e3196561e729aa",
        "type": "github"
      },
      "original": {
        "owner": "numtide",
        "repo": "llm-agents.nix",
        "type": "github"
      }
    },
    "mozuku": {
      "inputs": {
        "cabocha": "cabocha",
        "crfpp": "crfpp",
        "flake-parts": "flake-parts_2",
        "nixpkgs": "nixpkgs_2",
        "systems": "systems_2"
      },
      "locked": {
        "lastModified": 1766980900,
        "narHash": "sha256-8bivKoCUBe2K0CfE0BF+oIopXqBVcoiB1Hmfrb0TcMw=",
        "owner": "t3tra-dev",
        "repo": "MoZuKu",
        "rev": "997cc0ed5fdee06c79da7c808047f62604ef004c",
        "type": "github"
      },
      "original": {
        "owner": "t3tra-dev",
        "repo": "MoZuKu",
        "type": "github"
      }
    },
    "nix-darwin": {
      "inputs": {
        "nixpkgs": [
          "nixpkgs"
        ]
      },
      "locked": {
        "lastModified": 1770922915,
        "narHash": "sha256-6J/JoK9iL7sHvKJcGW2KId2agaKv1OGypsa7kN+ZBD4=",
        "owner": "LnL7",
        "repo": "nix-darwin",
        "rev": "6c5a56295d2a24e43bcd8af838def1b9a95746b2",
        "type": "github"
      },
      "original": {
        "owner": "LnL7",
        "repo": "nix-darwin",
        "type": "github"
      }
    },
    "nixpkgs": {
      "locked": {
        "lastModified": 1775823930,
        "narHash": "sha256-ALT447J7FcxP/97J01A/gp/hgdO5lXRsm+zLMt+gIjc=",
        "owner": "NixOS",
        "repo": "nixpkgs",
        "rev": "8c11f88bb9573a10a7d6bf87161ef08455ac70b9",
        "type": "github"
      },
      "original": {
        "owner": "NixOS",
        "ref": "nixpkgs-unstable",
        "repo": "nixpkgs",
        "type": "github"
      }
    },
    "nixpkgs-lib": {
      "locked": {
        "lastModified": 1761765539,
        "narHash": "sha256-b0yj6kfvO8ApcSE+QmA6mUfu8IYG6/uU28OFn4PaC8M=",
        "owner": "nix-community",
        "repo": "nixpkgs.lib",
        "rev": "719359f4562934ae99f5443f20aa06c2ffff91fc",
        "type": "github"
      },
      "original": {
        "owner": "nix-community",
        "repo": "nixpkgs.lib",
        "type": "github"
      }
    },
    "nixpkgs_2": {
      "locked": {
        "lastModified": 1764947035,
        "narHash": "sha256-EYHSjVM4Ox4lvCXUMiKKs2vETUSL5mx+J2FfutM7T9w=",
        "owner": "nixos",
        "repo": "nixpkgs",
        "rev": "a672be65651c80d3f592a89b3945466584a22069",
        "type": "github"
      },
      "original": {
        "owner": "nixos",
        "ref": "nixpkgs-unstable",
        "repo": "nixpkgs",
        "type": "github"
      }
    },
    "nixpkgs_3": {
      "locked": {
        "lastModified": 1770843696,
        "narHash": "sha256-LovWTGDwXhkfCOmbgLVA10bvsi/P8eDDpRudgk68HA8=",
        "owner": "nixos",
        "repo": "nixpkgs",
        "rev": "2343bbb58f99267223bc2aac4fc9ea301a155a16",
        "type": "github"
      },
      "original": {
        "owner": "nixos",
        "ref": "nixpkgs-unstable",
        "repo": "nixpkgs",
        "type": "github"
      }
    },
    "root": {
      "inputs": {
        "agent-browser-skill": "agent-browser-skill",
        "agent-skills": "agent-skills",
        "agent-slack-skill": "agent-slack-skill",
        "anthropic-skills": "anthropic-skills",
        "ast-grep-skill": "ast-grep-skill",
        "brew-api": "brew-api",
        "brew-nix": "brew-nix",
        "codex-plugin-cc": "codex-plugin-cc",
        "home-manager": "home-manager_2",
        "llm-agents": "llm-agents",
        "mozuku": "mozuku",
        "nix-darwin": "nix-darwin",
        "nixpkgs": "nixpkgs_3",
        "treefmt-nix": "treefmt-nix_2"
      }
    },
    "systems": {
      "locked": {
        "lastModified": 1681028828,
        "narHash": "sha256-Vy1rq5AaRuLzOxct8nz4T6wlgyUR7zLU309k9mBC768=",
        "owner": "nix-systems",
        "repo": "default",
        "rev": "da67096a3b9bf56a91d16901293e51ba5b49a27e",
        "type": "github"
      },
      "original": {
        "owner": "nix-systems",
        "repo": "default",
        "type": "github"
      }
    },
    "systems_2": {
      "locked": {
        "lastModified": 1681028828,
        "narHash": "sha256-Vy1rq5AaRuLzOxct8nz4T6wlgyUR7zLU309k9mBC768=",
        "owner": "nix-systems",
        "repo": "default",
        "rev": "da67096a3b9bf56a91d16901293e51ba5b49a27e",
        "type": "github"
      },
      "original": {
        "owner": "nix-systems",
        "repo": "default",
        "type": "github"
      }
    },
    "treefmt-nix": {
      "inputs": {
        "nixpkgs": [
          "llm-agents",
          "nixpkgs"
        ]
      },
      "locked": {
        "lastModified": 1775636079,
        "narHash": "sha256-pc20NRoMdiar8oPQceQT47UUZMBTiMdUuWrYu2obUP0=",
        "owner": "numtide",
        "repo": "treefmt-nix",
        "rev": "790751ff7fd3801feeaf96d7dc416a8d581265ba",
        "type": "github"
      },
      "original": {
        "owner": "numtide",
        "repo": "treefmt-nix",
        "type": "github"
      }
    },
    "treefmt-nix_2": {
      "inputs": {
        "nixpkgs": [
          "nixpkgs"
        ]
      },
      "locked": {
        "lastModified": 1770228511,
        "narHash": "sha256-wQ6NJSuFqAEmIg2VMnLdCnUc0b7vslUohqqGGD+Fyxk=",
        "owner": "numtide",
        "repo": "treefmt-nix",
        "rev": "337a4fe074be1042a35086f15481d763b8ddc0e7",
        "type": "github"
      },
      "original": {
        "owner": "numtide",
        "repo": "treefmt-nix",
        "type": "github"
      }
    }
  },
  "root": "root",
  "version": 7
}
