{
  "nodes": {
    "agent-browser-skill": {
      "flake": false,
      "locked": {
        "lastModified": 1781111566,
        "narHash": "sha256-3XDgN/iZvsR54cYIwBeS/3Ls2L+MJShJxvva8EkIBfo=",
        "owner": "vercel-labs",
        "repo": "agent-browser",
        "rev": "5185339ca3fdab9848e11b8ec676eecfdec3733f",
        "type": "github"
      },
      "original": {
        "owner": "vercel-labs",
        "repo": "agent-browser",
        "type": "github"
      }
    },
    "agent-slack-skill": {
      "flake": false,
      "locked": {
        "lastModified": 1780617934,
        "narHash": "sha256-nxpBZisxvnXD0xEoC9Vr2T6sthLIDW6NoTp5tEbM+I4=",
        "owner": "stablyai",
        "repo": "agent-slack",
        "rev": "6775fa878dfe7d38ca15899c765a2e19c9718a39",
        "type": "github"
      },
      "original": {
        "owner": "stablyai",
        "repo": "agent-slack",
        "type": "github"
      }
    },
    "anthropic-skills": {
      "flake": false,
      "locked": {
        "lastModified": 1781037316,
        "narHash": "sha256-1D9otXxDvmKASBu/vtAEWv6kE+U+jG4OxZpRLZbGEF0=",
        "owner": "anthropics",
        "repo": "skills",
        "rev": "57546260929473d4e0d1c1bb75297be2fdfa1949",
        "type": "github"
      },
      "original": {
        "owner": "anthropics",
        "repo": "skills",
        "type": "github"
      }
    },
    "ast-grep-skill": {
      "flake": false,
      "locked": {
        "lastModified": 1769044697,
        "narHash": "sha256-LgGFtPieyKtoru22AhHW8hvkJ8kCHO2Cr8rBOWGuxvY=",
        "owner": "ast-grep",
        "repo": "claude-skill",
        "rev": "577f4d4507678f2c8cee150fae25e6ce309f70b1",
        "type": "github"
      },
      "original": {
        "owner": "ast-grep",
        "repo": "claude-skill",
        "type": "github"
      }
    },
    "blueprint": {
      "inputs": {
        "nixpkgs": [
          "llm-agents",
          "nixpkgs"
        ],
        "systems": [
          "llm-agents",
          "systems"
        ]
      },
      "locked": {
        "lastModified": 1776249299,
        "narHash": "sha256-Dt9t1TGRmJFc0xVYhttNBD6QsAgHOHCArqGa0AyjrJY=",
        "owner": "numtide",
        "repo": "blueprint",
        "rev": "56131e8628f173d24a27f6d27c0215eff57e40dd",
        "type": "github"
      },
      "original": {
        "owner": "numtide",
        "repo": "blueprint",
        "type": "github"
      }
    },
    "brew-api": {
      "flake": false,
      "locked": {
        "lastModified": 1781502474,
        "narHash": "sha256-gYlOsNVMnI0rrsWNi8mogJJLjMATmbD0REtB9dDE8IE=",
        "owner": "BatteredBunny",
        "repo": "brew-api",
        "rev": "7f1fee256edc11ebf1350aa4345953faaf6a71e3",
        "type": "github"
      },
      "original": {
        "owner": "BatteredBunny",
        "repo": "brew-api",
        "type": "github"
      }
    },
    "brew-nix": {
      "inputs": {
        "brew-api": [
          "brew-api"
        ],
        "nix-darwin": [
          "nix-darwin"
        ],
        "nixpkgs": [
          "nixpkgs"
        ]
      },
      "locked": {
        "lastModified": 1780306103,
        "narHash": "sha256-si58gIStHng+T+AE430vrXzg0r4BJWtnxzwqAKYhEFw=",
        "owner": "BatteredBunny",
        "repo": "brew-nix",
        "rev": "d40695006e0313d131c668d926d92c0fcd737e2a",
        "type": "github"
      },
      "original": {
        "owner": "BatteredBunny",
        "repo": "brew-nix",
        "type": "github"
      }
    },
    "bun2nix": {
      "inputs": {
        "flake-parts": [
          "llm-agents",
          "flake-parts"
        ],
        "nixpkgs": [
          "llm-agents",
          "nixpkgs"
        ],
        "systems": [
          "llm-agents",
          "systems"
        ],
        "treefmt-nix": [
          "llm-agents",
          "treefmt-nix"
        ]
      },
      "locked": {
        "lastModified": 1778446047,
        "narHash": "sha256-oQvcadh2BCkrog+SGrG6YffKJrveYpjj3TdQJWaKhaM=",
        "owner": "nix-community",
        "repo": "bun2nix",
        "rev": "f2bc12af1a6369648aac41041ceeaa0b866599c6",
        "type": "github"
      },
      "original": {
        "owner": "nix-community",
        "repo": "bun2nix",
        "type": "github"
      }
    },
    "cabocha": {
      "flake": false,
      "locked": {
        "lastModified": 1740210131,
        "narHash": "sha256-IlqOZTy+qmeZXpeUuMUBMyAIlKez/EmfUvr10NP1+84=",
        "owner": "taku910",
        "repo": "cabocha",
        "rev": "96e100a62f6dadceb490cdd61c8c15fb561f6674",
        "type": "github"
      },
      "original": {
        "owner": "taku910",
        "repo": "cabocha",
        "rev": "96e100a62f6dadceb490cdd61c8c15fb561f6674",
        "type": "github"
      }
    },
    "codex-plugin-cc": {
      "flake": false,
      "locked": {
        "lastModified": 1776544913,
        "narHash": "sha256-zWddz18c3E15TPuEvjMkBkrwiFlK3ZqIG5YP5xX6ZII=",
        "owner": "openai",
        "repo": "codex-plugin-cc",
        "rev": "807e03ac9d5aa23bc395fdec8c3767500a86b3cf",
        "type": "github"
      },
      "original": {
        "owner": "openai",
        "repo": "codex-plugin-cc",
        "type": "github"
      }
    },
    "crfpp": {
      "flake": false,
      "locked": {
        "lastModified": 1740209950,
        "narHash": "sha256-y6jSjy7svDaCEJs7aoREhD9i4sJjhhEcInSnzf8frOI=",
        "owner": "taku910",
        "repo": "crfpp",
        "rev": "c603ea6fc2cc8e5317d2754971bc787da383f7e5",
        "type": "github"
      },
      "original": {
        "owner": "taku910",
        "repo": "crfpp",
        "rev": "c603ea6fc2cc8e5317d2754971bc787da383f7e5",
        "type": "github"
      }
    },
    "drawio-skill": {
      "flake": false,
      "locked": {
        "lastModified": 1780515010,
        "narHash": "sha256-wVO7zmIMz6pafEez9VWabHWhHr5xAoInL6KVyifAo0o=",
        "owner": "jgraph",
        "repo": "drawio-mcp",
        "rev": "99235d563db63a6cd202ba0913a652b7b783bea6",
        "type": "github"
      },
      "original": {
        "owner": "jgraph",
        "repo": "drawio-mcp",
        "type": "github"
      }
    },
    "flake-parts": {
      "inputs": {
        "nixpkgs-lib": [
          "llm-agents",
          "nixpkgs"
        ]
      },
      "locked": {
        "lastModified": 1778716662,
        "narHash": "sha256-m1Yf0wZ8j1OHjTc2UwHwyQRSnNeSgLJOd7q5Y45hzi4=",
        "owner": "hercules-ci",
        "repo": "flake-parts",
        "rev": "f7c1a2d347e4c52d5fb8d10cb4d94b5884e546fb",
        "type": "github"
      },
      "original": {
        "owner": "hercules-ci",
        "repo": "flake-parts",
        "type": "github"
      }
    },
    "flake-parts_2": {
      "inputs": {
        "nixpkgs-lib": "nixpkgs-lib"
      },
      "locked": {
        "lastModified": 1763759067,
        "narHash": "sha256-LlLt2Jo/gMNYAwOgdRQBrsRoOz7BPRkzvNaI/fzXi2Q=",
        "owner": "hercules-ci",
        "repo": "flake-parts",
        "rev": "2cccadc7357c0ba201788ae99c4dfa90728ef5e0",
        "type": "github"
      },
      "original": {
        "owner": "hercules-ci",
        "repo": "flake-parts",
        "type": "github"
      }
    },
    "hcom-src": {
      "flake": false,
      "locked": {
        "lastModified": 1781101584,
        "narHash": "sha256-5auN6ytGaz+/oyPwLoFqgYJ5WrMiSZBkiqWjmtBuExk=",
        "owner": "aannoo",
        "repo": "hcom",
        "rev": "c5032a41342205971eb014da2bbf3e55501eed50",
        "type": "github"
      },
      "original": {
        "owner": "aannoo",
        "repo": "hcom",
        "type": "github"
      }
    },
    "home-manager": {
      "inputs": {
        "nixpkgs": [
          "nixpkgs"
        ]
      },
      "locked": {
        "lastModified": 1781129616,
        "narHash": "sha256-Hl0Pz/QIKpePSU7SdK3BMe5VNmUhFvfWyg57GyawxzE=",
        "owner": "nix-community",
        "repo": "home-manager",
        "rev": "7dbd305f8b81050f223f00bcfbc8a6b74e048806",
        "type": "github"
      },
      "original": {
        "owner": "nix-community",
        "repo": "home-manager",
        "type": "github"
      }
    },
    "humanizer-jp-skill": {
      "flake": false,
      "locked": {
        "lastModified": 1780463887,
        "narHash": "sha256-GOLCxrfbjnWxRSP4GBoDg5Qfto29L7ly29AWVD3thMg=",
        "owner": "yourbright-jp",
        "repo": "humanizer-jp",
        "rev": "e252b87c39270a0b9359c1e1e1f8d48b710ff4de",
        "type": "github"
      },
      "original": {
        "owner": "yourbright-jp",
        "repo": "humanizer-jp",
        "type": "github"
      }
    },
    "improve-skill": {
      "flake": false,
      "locked": {
        "lastModified": 1781094771,
        "narHash": "sha256-WESZcJVEErfR16ElC3Tsm5LCU+RhEVgKdfgeVVvjAio=",
        "owner": "shadcn",
        "repo": "improve",
        "rev": "fff5624f60e467c069b61dc3ce152d399168abcc",
        "type": "github"
      },
      "original": {
        "owner": "shadcn",
        "repo": "improve",
        "type": "github"
      }
    },
    "llm-agents": {
      "inputs": {
        "blueprint": "blueprint",
        "bun2nix": "bun2nix",
        "flake-parts": "flake-parts",
        "nixpkgs": [
          "nixpkgs"
        ],
        "systems": "systems",
        "treefmt-nix": [
          "treefmt-nix"
        ]
      },
      "locked": {
        "lastModified": 1781157766,
        "narHash": "sha256-InNpK3w0V6odvKtC5wCXZZiluiWAD6uLElz3to+sQA0=",
        "owner": "numtide",
        "repo": "llm-agents.nix",
        "rev": "0b3a6a2dc43576f223d036ba70a29a2f0de99061",
        "type": "github"
      },
      "original": {
        "owner": "numtide",
        "repo": "llm-agents.nix",
        "type": "github"
      }
    },
    "mozuku": {
      "inputs": {
        "cabocha": "cabocha",
        "crfpp": "crfpp",
        "flake-parts": "flake-parts_2",
        "nixpkgs": "nixpkgs",
        "systems": "systems_2"
      },
      "locked": {
        "lastModified": 1775209639,
        "narHash": "sha256-JANp0CCUVxUzsPtdim9VxLjTRI6gQfcFgeWwTfskqGk=",
        "owner": "t3tra-dev",
        "repo": "MoZuKu",
        "rev": "3ab237932f307a746575b2284fb51b6a1738fb89",
        "type": "github"
      },
      "original": {
        "owner": "t3tra-dev",
        "repo": "MoZuKu",
        "type": "github"
      }
    },
    "nix-darwin": {
      "inputs": {
        "nixpkgs": [
          "nixpkgs"
        ]
      },
      "locked": {
        "lastModified": 1781157581,
        "narHash": "sha256-pdzNJiY2ugI4igi/ar1k1ijJxfQCcSRemJHwf8BZ0zs=",
        "owner": "LnL7",
        "repo": "nix-darwin",
        "rev": "958c16ba9a3ad2af4b1f18f568a24cafd9b6e0cc",
        "type": "github"
      },
      "original": {
        "owner": "LnL7",
        "repo": "nix-darwin",
        "type": "github"
      }
    },
    "nixpkgs": {
      "locked": {
        "lastModified": 1764947035,
        "narHash": "sha256-EYHSjVM4Ox4lvCXUMiKKs2vETUSL5mx+J2FfutM7T9w=",
        "owner": "nixos",
        "repo": "nixpkgs",
        "rev": "a672be65651c80d3f592a89b3945466584a22069",
        "type": "github"
      },
      "original": {
        "owner": "nixos",
        "ref": "nixpkgs-unstable",
        "repo": "nixpkgs",
        "type": "github"
      }
    },
    "nixpkgs-lib": {
      "locked": {
        "lastModified": 1761765539,
        "narHash": "sha256-b0yj6kfvO8ApcSE+QmA6mUfu8IYG6/uU28OFn4PaC8M=",
        "owner": "nix-community",
        "repo": "nixpkgs.lib",
        "rev": "719359f4562934ae99f5443f20aa06c2ffff91fc",
        "type": "github"
      },
      "original": {
        "owner": "nix-community",
        "repo": "nixpkgs.lib",
        "type": "github"
      }
    },
    "nixpkgs_2": {
      "locked": {
        "lastModified": 1780930886,
        "narHash": "sha256-rppURzHviaQN131F+nLiLdGfcb0uCd9gGP0E5+iw9MI=",
        "owner": "nixos",
        "repo": "nixpkgs",
        "rev": "8c3cede7ddc26bd659d2d383b5610efbd2c7a16e",
        "type": "github"
      },
      "original": {
        "owner": "nixos",
        "ref": "nixpkgs-unstable",
        "repo": "nixpkgs",
        "type": "github"
      }
    },
    "pyproject-build-systems": {
      "inputs": {
        "nixpkgs": [
          "nixpkgs"
        ],
        "pyproject-nix": [
          "pyproject-nix"
        ],
        "uv2nix": [
          "uv2nix"
        ]
      },
      "locked": {
        "lastModified": 1779676664,
        "narHash": "sha256-MbXylBTkWqVm8/VYjoULtMoVRgWBN1gSHbeRKsOsPlU=",
        "owner": "pyproject-nix",
        "repo": "build-system-pkgs",
        "rev": "7bff980f37fc24e09dbc986643719900c139bf12",
        "type": "github"
      },
      "original": {
        "owner": "pyproject-nix",
        "repo": "build-system-pkgs",
        "type": "github"
      }
    },
    "pyproject-nix": {
      "inputs": {
        "nixpkgs": [
          "nixpkgs"
        ]
      },
      "locked": {
        "lastModified": 1780416763,
        "narHash": "sha256-rRK3IFixgsrK6S3e14Xz9HAZm7+kMAIl3oi5zZlcwYI=",
        "owner": "pyproject-nix",
        "repo": "pyproject.nix",
        "rev": "ad83f1ead0e78e57b188f35cb57298affb06fc5f",
        "type": "github"
      },
      "original": {
        "owner": "pyproject-nix",
        "repo": "pyproject.nix",
        "type": "github"
      }
    },
    "root": {
      "inputs": {
        "agent-browser-skill": "agent-browser-skill",
        "agent-slack-skill": "agent-slack-skill",
        "anthropic-skills": "anthropic-skills",
        "ast-grep-skill": "ast-grep-skill",
        "brew-api": "brew-api",
        "brew-nix": "brew-nix",
        "codex-plugin-cc": "codex-plugin-cc",
        "drawio-skill": "drawio-skill",
        "hcom-src": "hcom-src",
        "home-manager": "home-manager",
        "humanizer-jp-skill": "humanizer-jp-skill",
        "improve-skill": "improve-skill",
        "llm-agents": "llm-agents",
        "mozuku": "mozuku",
        "nix-darwin": "nix-darwin",
        "nixpkgs": "nixpkgs_2",
        "pyproject-build-systems": "pyproject-build-systems",
        "pyproject-nix": "pyproject-nix",
        "treefmt-nix": "treefmt-nix",
        "uv2nix": "uv2nix"
      }
    },
    "systems": {
      "locked": {
        "lastModified": 1681028828,
        "narHash": "sha256-Vy1rq5AaRuLzOxct8nz4T6wlgyUR7zLU309k9mBC768=",
        "owner": "nix-systems",
        "repo": "default",
        "rev": "da67096a3b9bf56a91d16901293e51ba5b49a27e",
        "type": "github"
      },
      "original": {
        "owner": "nix-systems",
        "repo": "default",
        "type": "github"
      }
    },
    "systems_2": {
      "locked": {
        "lastModified": 1681028828,
        "narHash": "sha256-Vy1rq5AaRuLzOxct8nz4T6wlgyUR7zLU309k9mBC768=",
        "owner": "nix-systems",
        "repo": "default",
        "rev": "da67096a3b9bf56a91d16901293e51ba5b49a27e",
        "type": "github"
      },
      "original": {
        "owner": "nix-systems",
        "repo": "default",
        "type": "github"
      }
    },
    "treefmt-nix": {
      "inputs": {
        "nixpkgs": [
          "nixpkgs"
        ]
      },
      "locked": {
        "lastModified": 1780220602,
        "narHash": "sha256-eynAfOmbmxJnkp7YewvCEbShNnnYJ9gLLqkzsYtBPeM=",
        "owner": "numtide",
        "repo": "treefmt-nix",
        "rev": "db947814a175b7ca6ded66e21383d938df01c227",
        "type": "github"
      },
      "original": {
        "owner": "numtide",
        "repo": "treefmt-nix",
        "type": "github"
      }
    },
    "uv2nix": {
      "inputs": {
        "nixpkgs": [
          "nixpkgs"
        ],
        "pyproject-nix": [
          "pyproject-nix"
        ]
      },
      "locked": {
        "lastModified": 1780418295,
        "narHash": "sha256-yZVQNvmDx1SFjvlwevywsXWJnieSRqmQr7/fCTMyyd0=",
        "owner": "pyproject-nix",
        "repo": "uv2nix",
        "rev": "0497ccef038da091002be7c05263a7f27820974f",
        "type": "github"
      },
      "original": {
        "owner": "pyproject-nix",
        "repo": "uv2nix",
        "type": "github"
      }
    }
  },
  "root": "root",
  "version": 7
}
